
Microsoft Visual Studio Solution File, Format Version 12.00
# Visual Studio Version 17
VisualStudioVersion = 17.5.002.0
MinimumVisualStudioVersion = 10.0.40219.1
Project("{9A19103F-16F7-4668-BE54-9A1E7A4F7556}") = "DesafioFundamentos", "DesafioFundamentos\DesafioFundamentos.csproj", "{5A86D0BD-28FF-459A-AC4A-8907A3BE13E6}"
EndProject
Global
	GlobalSection(SolutionConfigurationPlatforms) = preSolution
		Debug|Any CPU = Debug|Any CPU
		Release|Any CPU = Release|Any CPU
	EndGlobalSection
	GlobalSection(ProjectConfigurationPlatforms) = postSolution
		{5A86D0BD-28FF-459A-AC4A-8907A3BE13E6}.Debug|Any CPU.ActiveCfg = Debug|Any CPU
		{5A86D0BD-28FF-459A-AC4A-8907A3BE13E6}.Debug|Any CPU.Build.0 = Debug|Any CPU
		{5A86D0BD-28FF-459A-AC4A-8907A3BE13E6}.Release|Any CPU.ActiveCfg = Release|Any CPU
		{5A86D0BD-28FF-459A-AC4A-8907A3BE13E6}.Release|Any CPU.Build.0 = Release|Any CPU
	EndGlobalSection
	GlobalSection(SolutionProperties) = preSolution
		HideSolutionNode = FALSE
	EndGlobalSection
	GlobalSection(ExtensibilityGlobals) = postSolution
		SolutionGuid = {CFA6C783-3384-4154-8FD0-4DDB7EE227A9}
	EndGlobalSection
EndGlobal
